# This file is autogenerated, do not edit; changes may be undone by the next 'dep ensure'.


[[projects]]
  name = "github.com/NYTimes/gziphandler"
  packages = ["."]
  revision = "d6f46609c7629af3a02d791a4666866eed3cbd3e"
  version = "v1.0.0"

[[projects]]
  branch = "master"
  name = "github.com/ViBiOh/httputils"
  packages = [
    ".",
    "alcotest",
    "cert",
    "cors",
    "healthcheck",
    "owasp",
    "server",
    "tools"
  ]
  revision = "2802a9be4581106f0f41023d815ed5239145382d"

[solve-meta]
  analyzer-name = "dep"
  analyzer-version = 1
  inputs-digest = "32226d619b0de869292bb96a199f3529ab87f2fd731f41cc7ecf099fc7100f35"
  solver-name = "gps-cdcl"
  solver-version = 1
